
Microsoft Visual Studio Solution File, Format Version 12.00
# Visual Studio Version 17
VisualStudioVersion = 17.9.34701.34
MinimumVisualStudioVersion = 10.0.40219.1
Project("{9A19103F-16F7-4668-BE54-9A1E7A4F7556}") = "PaginationEstimator", "PaginationEstimator.csproj", "{44EB1249-2833-48E3-B7A6-C44CEBB7E5CF}"
EndProject
Global
	GlobalSection(SolutionConfigurationPlatforms) = preSolution
		Debug|Any CPU = Debug|Any CPU
		Release|Any CPU = Release|Any CPU
	EndGlobalSection
	GlobalSection(ProjectConfigurationPlatforms) = postSolution
		{44EB1249-2833-48E3-B7A6-C44CEBB7E5CF}.Debug|Any CPU.ActiveCfg = Debug|Any CPU
		{44EB1249-2833-48E3-B7A6-C44CEBB7E5CF}.Debug|Any CPU.Build.0 = Debug|Any CPU
		{44EB1249-2833-48E3-B7A6-C44CEBB7E5CF}.Release|Any CPU.ActiveCfg = Release|Any CPU
		{44EB1249-2833-48E3-B7A6-C44CEBB7E5CF}.Release|Any CPU.Build.0 = Release|Any CPU
	EndGlobalSection
	GlobalSection(SolutionProperties) = preSolution
		HideSolutionNode = FALSE
	EndGlobalSection
	GlobalSection(ExtensibilityGlobals) = postSolution
		SolutionGuid = {3070D8F5-39FF-438A-BF8E-7235C80CEEF8}
	EndGlobalSection
EndGlobal
